
Microsoft Visual Studio Solution File, Format Version 12.00
# Visual Studio Version 16
VisualStudioVersion = 16.0.31205.134
MinimumVisualStudioVersion = 10.0.40219.1
Project("{FAE04EC0-301F-11D3-BF4B-00C04F79EFBC}") = "2720", "2720\2720.csproj", "{273E0348-6209-45BA-857A-CD3D2CED0E29}"
EndProject
Global
	GlobalSection(SolutionConfigurationPlatforms) = preSolution
		Debug|Any CPU = Debug|Any CPU
		Release|Any CPU = Release|Any CPU
	EndGlobalSection
	GlobalSection(ProjectConfigurationPlatforms) = postSolution
		{273E0348-6209-45BA-857A-CD3D2CED0E29}.Debug|Any CPU.ActiveCfg = Debug|Any CPU
		{273E0348-6209-45BA-857A-CD3D2CED0E29}.Debug|Any CPU.Build.0 = Debug|Any CPU
		{273E0348-6209-45BA-857A-CD3D2CED0E29}.Release|Any CPU.ActiveCfg = Release|Any CPU
		{273E0348-6209-45BA-857A-CD3D2CED0E29}.Release|Any CPU.Build.0 = Release|Any CPU
	EndGlobalSection
	GlobalSection(SolutionProperties) = preSolution
		HideSolutionNode = FALSE
	EndGlobalSection
	GlobalSection(ExtensibilityGlobals) = postSolution
		SolutionGuid = {C714136F-31E9-4B75-B105-F8ACE458CA9D}
	EndGlobalSection
EndGlobal
