
Microsoft Visual Studio Solution File, Format Version 12.00
# Visual Studio Version 16
VisualStudioVersion = 16.0.32002.261
MinimumVisualStudioVersion = 10.0.40219.1
Project("{FAE04EC0-301F-11D3-BF4B-00C04F79EFBC}") = "11719", "11719\11719.csproj", "{CCC21505-C351-4B01-86B6-53838C9661BE}"
EndProject
Global
	GlobalSection(SolutionConfigurationPlatforms) = preSolution
		Debug|Any CPU = Debug|Any CPU
		Release|Any CPU = Release|Any CPU
	EndGlobalSection
	GlobalSection(ProjectConfigurationPlatforms) = postSolution
		{CCC21505-C351-4B01-86B6-53838C9661BE}.Debug|Any CPU.ActiveCfg = Debug|Any CPU
		{CCC21505-C351-4B01-86B6-53838C9661BE}.Debug|Any CPU.Build.0 = Debug|Any CPU
		{CCC21505-C351-4B01-86B6-53838C9661BE}.Release|Any CPU.ActiveCfg = Release|Any CPU
		{CCC21505-C351-4B01-86B6-53838C9661BE}.Release|Any CPU.Build.0 = Release|Any CPU
	EndGlobalSection
	GlobalSection(SolutionProperties) = preSolution
		HideSolutionNode = FALSE
	EndGlobalSection
	GlobalSection(ExtensibilityGlobals) = postSolution
		SolutionGuid = {40EFAD5C-0368-42F5-92AA-66AA8516DCFC}
	EndGlobalSection
EndGlobal
