
Microsoft Visual Studio Solution File, Format Version 12.00
# Visual Studio Version 16
VisualStudioVersion = 16.0.31205.134
MinimumVisualStudioVersion = 10.0.40219.1
Project("{FAE04EC0-301F-11D3-BF4B-00C04F79EFBC}") = "2863", "2863\2863.csproj", "{F3B29654-095E-43DD-BD6D-7A35D70015C9}"
EndProject
Global
	GlobalSection(SolutionConfigurationPlatforms) = preSolution
		Debug|Any CPU = Debug|Any CPU
		Release|Any CPU = Release|Any CPU
	EndGlobalSection
	GlobalSection(ProjectConfigurationPlatforms) = postSolution
		{F3B29654-095E-43DD-BD6D-7A35D70015C9}.Debug|Any CPU.ActiveCfg = Debug|Any CPU
		{F3B29654-095E-43DD-BD6D-7A35D70015C9}.Debug|Any CPU.Build.0 = Debug|Any CPU
		{F3B29654-095E-43DD-BD6D-7A35D70015C9}.Release|Any CPU.ActiveCfg = Release|Any CPU
		{F3B29654-095E-43DD-BD6D-7A35D70015C9}.Release|Any CPU.Build.0 = Release|Any CPU
	EndGlobalSection
	GlobalSection(SolutionProperties) = preSolution
		HideSolutionNode = FALSE
	EndGlobalSection
	GlobalSection(ExtensibilityGlobals) = postSolution
		SolutionGuid = {8669ED86-D3DE-419C-809A-DDFD22A998A9}
	EndGlobalSection
EndGlobal
