
Microsoft Visual Studio Solution File, Format Version 12.00
# Visual Studio Version 16
VisualStudioVersion = 16.0.31205.134
MinimumVisualStudioVersion = 10.0.40219.1
Project("{FAE04EC0-301F-11D3-BF4B-00C04F79EFBC}") = "11050", "11050\11050.csproj", "{D3149FF3-27B0-458C-BC9B-3F9A15CF4162}"
EndProject
Global
	GlobalSection(SolutionConfigurationPlatforms) = preSolution
		Debug|Any CPU = Debug|Any CPU
		Release|Any CPU = Release|Any CPU
	EndGlobalSection
	GlobalSection(ProjectConfigurationPlatforms) = postSolution
		{D3149FF3-27B0-458C-BC9B-3F9A15CF4162}.Debug|Any CPU.ActiveCfg = Debug|Any CPU
		{D3149FF3-27B0-458C-BC9B-3F9A15CF4162}.Debug|Any CPU.Build.0 = Debug|Any CPU
		{D3149FF3-27B0-458C-BC9B-3F9A15CF4162}.Release|Any CPU.ActiveCfg = Release|Any CPU
		{D3149FF3-27B0-458C-BC9B-3F9A15CF4162}.Release|Any CPU.Build.0 = Release|Any CPU
	EndGlobalSection
	GlobalSection(SolutionProperties) = preSolution
		HideSolutionNode = FALSE
	EndGlobalSection
	GlobalSection(ExtensibilityGlobals) = postSolution
		SolutionGuid = {EBD9F0D5-966A-4403-A52A-44E05E0C903F}
	EndGlobalSection
EndGlobal
