
Microsoft Visual Studio Solution File, Format Version 12.00
# Visual Studio Version 16
VisualStudioVersion = 16.0.31205.134
MinimumVisualStudioVersion = 10.0.40219.1
Project("{FAE04EC0-301F-11D3-BF4B-00C04F79EFBC}") = "9610", "9610\9610.csproj", "{A5A3C6D5-AF99-49D0-9051-5A3EC55F7241}"
EndProject
Global
	GlobalSection(SolutionConfigurationPlatforms) = preSolution
		Debug|Any CPU = Debug|Any CPU
		Release|Any CPU = Release|Any CPU
	EndGlobalSection
	GlobalSection(ProjectConfigurationPlatforms) = postSolution
		{A5A3C6D5-AF99-49D0-9051-5A3EC55F7241}.Debug|Any CPU.ActiveCfg = Debug|Any CPU
		{A5A3C6D5-AF99-49D0-9051-5A3EC55F7241}.Debug|Any CPU.Build.0 = Debug|Any CPU
		{A5A3C6D5-AF99-49D0-9051-5A3EC55F7241}.Release|Any CPU.ActiveCfg = Release|Any CPU
		{A5A3C6D5-AF99-49D0-9051-5A3EC55F7241}.Release|Any CPU.Build.0 = Release|Any CPU
	EndGlobalSection
	GlobalSection(SolutionProperties) = preSolution
		HideSolutionNode = FALSE
	EndGlobalSection
	GlobalSection(ExtensibilityGlobals) = postSolution
		SolutionGuid = {7C7CE6B0-3577-4B2D-B3FF-CBECB09C8C45}
	EndGlobalSection
EndGlobal
