
Microsoft Visual Studio Solution File, Format Version 12.00
# Visual Studio Version 16
VisualStudioVersion = 16.0.31205.134
MinimumVisualStudioVersion = 10.0.40219.1
Project("{FAE04EC0-301F-11D3-BF4B-00C04F79EFBC}") = "10409", "10409\10409.csproj", "{3F46DC65-1865-42E4-AAE0-A3F195A35FAF}"
EndProject
Global
	GlobalSection(SolutionConfigurationPlatforms) = preSolution
		Debug|Any CPU = Debug|Any CPU
		Release|Any CPU = Release|Any CPU
	EndGlobalSection
	GlobalSection(ProjectConfigurationPlatforms) = postSolution
		{3F46DC65-1865-42E4-AAE0-A3F195A35FAF}.Debug|Any CPU.ActiveCfg = Debug|Any CPU
		{3F46DC65-1865-42E4-AAE0-A3F195A35FAF}.Debug|Any CPU.Build.0 = Debug|Any CPU
		{3F46DC65-1865-42E4-AAE0-A3F195A35FAF}.Release|Any CPU.ActiveCfg = Release|Any CPU
		{3F46DC65-1865-42E4-AAE0-A3F195A35FAF}.Release|Any CPU.Build.0 = Release|Any CPU
	EndGlobalSection
	GlobalSection(SolutionProperties) = preSolution
		HideSolutionNode = FALSE
	EndGlobalSection
	GlobalSection(ExtensibilityGlobals) = postSolution
		SolutionGuid = {631696A6-CA28-497F-B148-A96D8C99F525}
	EndGlobalSection
EndGlobal
